{
  "object": {
    "pins": [
      {
        "package": "AudioKit",
        "repositoryURL": "https://github.com/AudioKit/AudioKit",
        "state": {
          "branch": null,
          "revision": "e7f37266dc9200f04a2646b108acae98c87f8e46",
          "version": "5.4.1"
        }
      }
    ]
  },
  "version": 1
}
