{
  "object": {
    "pins": [
      {
        "package": "AudioKit",
        "repositoryURL": "https://github.com/AudioKit/AudioKit",
        "state": {
          "branch": null,
          "revision": "833aa2d007a3d82df232d788f4e0b006bdfa91f7",
          "version": "5.5.0"
        }
      }
    ]
  },
  "version": 1
}
