{
  "object": {
    "pins": [
      {
        "package": "AudioKit",
        "repositoryURL": "https://github.com/AudioKit/AudioKit",
        "state": {
          "branch": "v6",
          "revision": "a86183ede4f143f56d46e31f49822da8fae2d80b",
          "version": null
        }
      },
      {
        "package": "MIDIKit",
        "repositoryURL": "https://github.com/orchetect/midikit",
        "state": {
          "branch": null,
          "revision": "603acbacb10899701240907f085aef43bf87d6ee",
          "version": "0.8.11"
        }
      },
      {
        "package": "swift-atomics",
        "repositoryURL": "https://github.com/apple/swift-atomics",
        "state": {
          "branch": null,
          "revision": "6c89474e62719ddcc1e9614989fff2f68208fe10",
          "version": "1.1.0"
        }
      },
      {
        "package": "TimecodeKit",
        "repositoryURL": "https://github.com/orchetect/TimecodeKit",
        "state": {
          "branch": null,
          "revision": "13f51fa9126aac61a53bf7868c48369d599db76b",
          "version": "1.6.11"
        }
      }
    ]
  },
  "version": 1
}
